github.com/stscoundrel/polylinguist v0.1.0 h1:n8XBSz/HwfsFjt2XvzYyOo3yPLvQB5sD8T0F30fhRyA=
github.com/stscoundrel/polylinguist v0.1.0/go.mod h1:qqGBTCj+JDjQOXbYbzjp/zygNbCyVcaQrxt5+Lx2UjU=
github.com/stscoundrel/polylinguist v0.2.0 h1:c634oiNn1QoGhPZPXWSuq3v8jRUGBtSIcIE6pjVpg9w=
github.com/stscoundrel/polylinguist v0.2.0/go.mod h1:qqGBTCj+JDjQOXbYbzjp/zygNbCyVcaQrxt5+Lx2UjU=
github.com/stscoundrel/polylinguist v0.3.0 h1:2s4/9zU/ZVd2eXnypAQuzYLvg1U1qTspFr+0/E8tYbA=
github.com/stscoundrel/polylinguist v0.3.0/go.mod h1:VG89d/uYIBAyNyOG0POgle9QkXv0yD+ykIKvr7SywgY=
